
Microsoft Visual Studio Solution File, Format Version 12.00
# Visual Studio 15
VisualStudioVersion = 15.0.27004.2010
MinimumVisualStudioVersion = 10.0.40219.1
Project("{8BC9CEB8-8B4A-11D0-8D11-00A0C91BC942}") = "翻转单词顺序", "翻转单词顺序\翻转单词顺序.vcxproj", "{4E4613D7-9CA8-4F91-A1DB-3C23EC6224EA}"
EndProject
Global
	GlobalSection(SolutionConfigurationPlatforms) = preSolution
		Debug|x64 = Debug|x64
		Debug|x86 = Debug|x86
		Release|x64 = Release|x64
		Release|x86 = Release|x86
	EndGlobalSection
	GlobalSection(ProjectConfigurationPlatforms) = postSolution
		{4E4613D7-9CA8-4F91-A1DB-3C23EC6224EA}.Debug|x64.ActiveCfg = Debug|x64
		{4E4613D7-9CA8-4F91-A1DB-3C23EC6224EA}.Debug|x64.Build.0 = Debug|x64
		{4E4613D7-9CA8-4F91-A1DB-3C23EC6224EA}.Debug|x86.ActiveCfg = Debug|Win32
		{4E4613D7-9CA8-4F91-A1DB-3C23EC6224EA}.Debug|x86.Build.0 = Debug|Win32
		{4E4613D7-9CA8-4F91-A1DB-3C23EC6224EA}.Release|x64.ActiveCfg = Release|x64
		{4E4613D7-9CA8-4F91-A1DB-3C23EC6224EA}.Release|x64.Build.0 = Release|x64
		{4E4613D7-9CA8-4F91-A1DB-3C23EC6224EA}.Release|x86.ActiveCfg = Release|Win32
		{4E4613D7-9CA8-4F91-A1DB-3C23EC6224EA}.Release|x86.Build.0 = Release|Win32
	EndGlobalSection
	GlobalSection(SolutionProperties) = preSolution
		HideSolutionNode = FALSE
	EndGlobalSection
	GlobalSection(ExtensibilityGlobals) = postSolution
		SolutionGuid = {B38D9783-5639-4896-80AD-33B613820C44}
	EndGlobalSection
EndGlobal
