
Microsoft Visual Studio Solution File, Format Version 12.00
# Visual Studio 15
VisualStudioVersion = 15.0.27004.2010
MinimumVisualStudioVersion = 10.0.40219.1
Project("{8BC9CEB8-8B4A-11D0-8D11-00A0C91BC942}") = "跳跃游戏", "跳跃游戏\跳跃游戏.vcxproj", "{58C191B2-F3F8-4EEB-9E74-FF4C275B9A73}"
EndProject
Global
	GlobalSection(SolutionConfigurationPlatforms) = preSolution
		Debug|x64 = Debug|x64
		Debug|x86 = Debug|x86
		Release|x64 = Release|x64
		Release|x86 = Release|x86
	EndGlobalSection
	GlobalSection(ProjectConfigurationPlatforms) = postSolution
		{58C191B2-F3F8-4EEB-9E74-FF4C275B9A73}.Debug|x64.ActiveCfg = Debug|x64
		{58C191B2-F3F8-4EEB-9E74-FF4C275B9A73}.Debug|x64.Build.0 = Debug|x64
		{58C191B2-F3F8-4EEB-9E74-FF4C275B9A73}.Debug|x86.ActiveCfg = Debug|Win32
		{58C191B2-F3F8-4EEB-9E74-FF4C275B9A73}.Debug|x86.Build.0 = Debug|Win32
		{58C191B2-F3F8-4EEB-9E74-FF4C275B9A73}.Release|x64.ActiveCfg = Release|x64
		{58C191B2-F3F8-4EEB-9E74-FF4C275B9A73}.Release|x64.Build.0 = Release|x64
		{58C191B2-F3F8-4EEB-9E74-FF4C275B9A73}.Release|x86.ActiveCfg = Release|Win32
		{58C191B2-F3F8-4EEB-9E74-FF4C275B9A73}.Release|x86.Build.0 = Release|Win32
	EndGlobalSection
	GlobalSection(SolutionProperties) = preSolution
		HideSolutionNode = FALSE
	EndGlobalSection
	GlobalSection(ExtensibilityGlobals) = postSolution
		SolutionGuid = {AB39B042-7094-4660-BA3D-B326EC88E940}
	EndGlobalSection
EndGlobal
