
Microsoft Visual Studio Solution File, Format Version 12.00
# Visual Studio 15
VisualStudioVersion = 15.0.27004.2010
MinimumVisualStudioVersion = 10.0.40219.1
Project("{8BC9CEB8-8B4A-11D0-8D11-00A0C91BC942}") = "找到唯一元素", "找到唯一元素\找到唯一元素.vcxproj", "{371E11D5-5AA1-41E2-828C-F00CC1511CFD}"
EndProject
Global
	GlobalSection(SolutionConfigurationPlatforms) = preSolution
		Debug|x64 = Debug|x64
		Debug|x86 = Debug|x86
		Release|x64 = Release|x64
		Release|x86 = Release|x86
	EndGlobalSection
	GlobalSection(ProjectConfigurationPlatforms) = postSolution
		{371E11D5-5AA1-41E2-828C-F00CC1511CFD}.Debug|x64.ActiveCfg = Debug|x64
		{371E11D5-5AA1-41E2-828C-F00CC1511CFD}.Debug|x64.Build.0 = Debug|x64
		{371E11D5-5AA1-41E2-828C-F00CC1511CFD}.Debug|x86.ActiveCfg = Debug|Win32
		{371E11D5-5AA1-41E2-828C-F00CC1511CFD}.Debug|x86.Build.0 = Debug|Win32
		{371E11D5-5AA1-41E2-828C-F00CC1511CFD}.Release|x64.ActiveCfg = Release|x64
		{371E11D5-5AA1-41E2-828C-F00CC1511CFD}.Release|x64.Build.0 = Release|x64
		{371E11D5-5AA1-41E2-828C-F00CC1511CFD}.Release|x86.ActiveCfg = Release|Win32
		{371E11D5-5AA1-41E2-828C-F00CC1511CFD}.Release|x86.Build.0 = Release|Win32
	EndGlobalSection
	GlobalSection(SolutionProperties) = preSolution
		HideSolutionNode = FALSE
	EndGlobalSection
	GlobalSection(ExtensibilityGlobals) = postSolution
		SolutionGuid = {2C0ED62F-BB40-4E10-8291-DF2D4AB2B563}
	EndGlobalSection
EndGlobal
