
Microsoft Visual Studio Solution File, Format Version 12.00
# Visual Studio 15
VisualStudioVersion = 15.0.27004.2010
MinimumVisualStudioVersion = 10.0.40219.1
Project("{8BC9CEB8-8B4A-11D0-8D11-00A0C91BC942}") = "Project4", "Project4\Project4.vcxproj", "{EA73F25B-DAE3-445A-80F7-0B5F023FB4B8}"
EndProject
Global
	GlobalSection(SolutionConfigurationPlatforms) = preSolution
		Debug|x64 = Debug|x64
		Debug|x86 = Debug|x86
		Release|x64 = Release|x64
		Release|x86 = Release|x86
	EndGlobalSection
	GlobalSection(ProjectConfigurationPlatforms) = postSolution
		{EA73F25B-DAE3-445A-80F7-0B5F023FB4B8}.Debug|x64.ActiveCfg = Debug|x64
		{EA73F25B-DAE3-445A-80F7-0B5F023FB4B8}.Debug|x64.Build.0 = Debug|x64
		{EA73F25B-DAE3-445A-80F7-0B5F023FB4B8}.Debug|x86.ActiveCfg = Debug|Win32
		{EA73F25B-DAE3-445A-80F7-0B5F023FB4B8}.Debug|x86.Build.0 = Debug|Win32
		{EA73F25B-DAE3-445A-80F7-0B5F023FB4B8}.Release|x64.ActiveCfg = Release|x64
		{EA73F25B-DAE3-445A-80F7-0B5F023FB4B8}.Release|x64.Build.0 = Release|x64
		{EA73F25B-DAE3-445A-80F7-0B5F023FB4B8}.Release|x86.ActiveCfg = Release|Win32
		{EA73F25B-DAE3-445A-80F7-0B5F023FB4B8}.Release|x86.Build.0 = Release|Win32
	EndGlobalSection
	GlobalSection(SolutionProperties) = preSolution
		HideSolutionNode = FALSE
	EndGlobalSection
	GlobalSection(ExtensibilityGlobals) = postSolution
		SolutionGuid = {236AF101-08A6-4AE0-8AB5-4155DF570212}
	EndGlobalSection
EndGlobal
