
Microsoft Visual Studio Solution File, Format Version 12.00
# Visual Studio 15
VisualStudioVersion = 15.0.27004.2010
MinimumVisualStudioVersion = 10.0.40219.1
Project("{8BC9CEB8-8B4A-11D0-8D11-00A0C91BC942}") = "人民币问题", "人民币问题\人民币问题.vcxproj", "{88067FB3-31DD-4FA3-ACB3-949BAA4A42A2}"
EndProject
Global
	GlobalSection(SolutionConfigurationPlatforms) = preSolution
		Debug|x64 = Debug|x64
		Debug|x86 = Debug|x86
		Release|x64 = Release|x64
		Release|x86 = Release|x86
	EndGlobalSection
	GlobalSection(ProjectConfigurationPlatforms) = postSolution
		{88067FB3-31DD-4FA3-ACB3-949BAA4A42A2}.Debug|x64.ActiveCfg = Debug|x64
		{88067FB3-31DD-4FA3-ACB3-949BAA4A42A2}.Debug|x64.Build.0 = Debug|x64
		{88067FB3-31DD-4FA3-ACB3-949BAA4A42A2}.Debug|x86.ActiveCfg = Debug|Win32
		{88067FB3-31DD-4FA3-ACB3-949BAA4A42A2}.Debug|x86.Build.0 = Debug|Win32
		{88067FB3-31DD-4FA3-ACB3-949BAA4A42A2}.Release|x64.ActiveCfg = Release|x64
		{88067FB3-31DD-4FA3-ACB3-949BAA4A42A2}.Release|x64.Build.0 = Release|x64
		{88067FB3-31DD-4FA3-ACB3-949BAA4A42A2}.Release|x86.ActiveCfg = Release|Win32
		{88067FB3-31DD-4FA3-ACB3-949BAA4A42A2}.Release|x86.Build.0 = Release|Win32
	EndGlobalSection
	GlobalSection(SolutionProperties) = preSolution
		HideSolutionNode = FALSE
	EndGlobalSection
	GlobalSection(ExtensibilityGlobals) = postSolution
		SolutionGuid = {1DC097CA-3494-4C00-81C3-7778916E1B4F}
	EndGlobalSection
EndGlobal
