
Microsoft Visual Studio Solution File, Format Version 12.00
# Visual Studio 15
VisualStudioVersion = 15.0.27004.2010
MinimumVisualStudioVersion = 10.0.40219.1
Project("{8BC9CEB8-8B4A-11D0-8D11-00A0C91BC942}") = "计算散列表查找算法中的关键码比较次数", "计算散列表查找算法中的关键码比较次数\计算散列表查找算法中的关键码比较次数.vcxproj", "{026488A9-6143-4089-ABEE-B0C7A8DBAD12}"
EndProject
Global
	GlobalSection(SolutionConfigurationPlatforms) = preSolution
		Debug|x64 = Debug|x64
		Debug|x86 = Debug|x86
		Release|x64 = Release|x64
		Release|x86 = Release|x86
	EndGlobalSection
	GlobalSection(ProjectConfigurationPlatforms) = postSolution
		{026488A9-6143-4089-ABEE-B0C7A8DBAD12}.Debug|x64.ActiveCfg = Debug|x64
		{026488A9-6143-4089-ABEE-B0C7A8DBAD12}.Debug|x64.Build.0 = Debug|x64
		{026488A9-6143-4089-ABEE-B0C7A8DBAD12}.Debug|x86.ActiveCfg = Debug|Win32
		{026488A9-6143-4089-ABEE-B0C7A8DBAD12}.Debug|x86.Build.0 = Debug|Win32
		{026488A9-6143-4089-ABEE-B0C7A8DBAD12}.Release|x64.ActiveCfg = Release|x64
		{026488A9-6143-4089-ABEE-B0C7A8DBAD12}.Release|x64.Build.0 = Release|x64
		{026488A9-6143-4089-ABEE-B0C7A8DBAD12}.Release|x86.ActiveCfg = Release|Win32
		{026488A9-6143-4089-ABEE-B0C7A8DBAD12}.Release|x86.Build.0 = Release|Win32
	EndGlobalSection
	GlobalSection(SolutionProperties) = preSolution
		HideSolutionNode = FALSE
	EndGlobalSection
	GlobalSection(ExtensibilityGlobals) = postSolution
		SolutionGuid = {6E3C40B1-C34D-45D2-86A7-70C7E927E163}
	EndGlobalSection
EndGlobal
