
Microsoft Visual Studio Solution File, Format Version 12.00
# Visual Studio 15
VisualStudioVersion = 15.0.27004.2010
MinimumVisualStudioVersion = 10.0.40219.1
Project("{8BC9CEB8-8B4A-11D0-8D11-00A0C91BC942}") = "实验四——一元多项式", "实验四——一元多项式\实验四——一元多项式.vcxproj", "{C7727F44-AABB-4B76-AC23-BFE85E96F71F}"
EndProject
Global
	GlobalSection(SolutionConfigurationPlatforms) = preSolution
		Debug|x64 = Debug|x64
		Debug|x86 = Debug|x86
		Release|x64 = Release|x64
		Release|x86 = Release|x86
	EndGlobalSection
	GlobalSection(ProjectConfigurationPlatforms) = postSolution
		{C7727F44-AABB-4B76-AC23-BFE85E96F71F}.Debug|x64.ActiveCfg = Debug|x64
		{C7727F44-AABB-4B76-AC23-BFE85E96F71F}.Debug|x64.Build.0 = Debug|x64
		{C7727F44-AABB-4B76-AC23-BFE85E96F71F}.Debug|x86.ActiveCfg = Debug|Win32
		{C7727F44-AABB-4B76-AC23-BFE85E96F71F}.Debug|x86.Build.0 = Debug|Win32
		{C7727F44-AABB-4B76-AC23-BFE85E96F71F}.Release|x64.ActiveCfg = Release|x64
		{C7727F44-AABB-4B76-AC23-BFE85E96F71F}.Release|x64.Build.0 = Release|x64
		{C7727F44-AABB-4B76-AC23-BFE85E96F71F}.Release|x86.ActiveCfg = Release|Win32
		{C7727F44-AABB-4B76-AC23-BFE85E96F71F}.Release|x86.Build.0 = Release|Win32
	EndGlobalSection
	GlobalSection(SolutionProperties) = preSolution
		HideSolutionNode = FALSE
	EndGlobalSection
	GlobalSection(ExtensibilityGlobals) = postSolution
		SolutionGuid = {C008FE82-DA2D-4E4E-863E-B6F2B88B6898}
	EndGlobalSection
EndGlobal
