
Microsoft Visual Studio Solution File, Format Version 12.00
# Visual Studio 15
VisualStudioVersion = 15.0.27004.2010
MinimumVisualStudioVersion = 10.0.40219.1
Project("{8BC9CEB8-8B4A-11D0-8D11-00A0C91BC942}") = "百钱百鸡", "百钱百鸡\百钱百鸡.vcxproj", "{EF4E2082-138D-4E8C-8AD3-97FA35504308}"
EndProject
Global
	GlobalSection(SolutionConfigurationPlatforms) = preSolution
		Debug|x64 = Debug|x64
		Debug|x86 = Debug|x86
		Release|x64 = Release|x64
		Release|x86 = Release|x86
	EndGlobalSection
	GlobalSection(ProjectConfigurationPlatforms) = postSolution
		{EF4E2082-138D-4E8C-8AD3-97FA35504308}.Debug|x64.ActiveCfg = Debug|x64
		{EF4E2082-138D-4E8C-8AD3-97FA35504308}.Debug|x64.Build.0 = Debug|x64
		{EF4E2082-138D-4E8C-8AD3-97FA35504308}.Debug|x86.ActiveCfg = Debug|Win32
		{EF4E2082-138D-4E8C-8AD3-97FA35504308}.Debug|x86.Build.0 = Debug|Win32
		{EF4E2082-138D-4E8C-8AD3-97FA35504308}.Release|x64.ActiveCfg = Release|x64
		{EF4E2082-138D-4E8C-8AD3-97FA35504308}.Release|x64.Build.0 = Release|x64
		{EF4E2082-138D-4E8C-8AD3-97FA35504308}.Release|x86.ActiveCfg = Release|Win32
		{EF4E2082-138D-4E8C-8AD3-97FA35504308}.Release|x86.Build.0 = Release|Win32
	EndGlobalSection
	GlobalSection(SolutionProperties) = preSolution
		HideSolutionNode = FALSE
	EndGlobalSection
	GlobalSection(ExtensibilityGlobals) = postSolution
		SolutionGuid = {316AF3BE-3CCA-4AC6-9243-0C02CD0F67FB}
	EndGlobalSection
EndGlobal
