
Microsoft Visual Studio Solution File, Format Version 12.00
# Visual Studio 15
VisualStudioVersion = 15.0.27004.2010
MinimumVisualStudioVersion = 10.0.40219.1
Project("{8BC9CEB8-8B4A-11D0-8D11-00A0C91BC942}") = "圆括号配对检查", "圆括号配对检查\圆括号配对检查.vcxproj", "{0570DA65-2A38-4C0D-939C-C19203E59F1B}"
EndProject
Global
	GlobalSection(SolutionConfigurationPlatforms) = preSolution
		Debug|x64 = Debug|x64
		Debug|x86 = Debug|x86
		Release|x64 = Release|x64
		Release|x86 = Release|x86
	EndGlobalSection
	GlobalSection(ProjectConfigurationPlatforms) = postSolution
		{0570DA65-2A38-4C0D-939C-C19203E59F1B}.Debug|x64.ActiveCfg = Debug|x64
		{0570DA65-2A38-4C0D-939C-C19203E59F1B}.Debug|x64.Build.0 = Debug|x64
		{0570DA65-2A38-4C0D-939C-C19203E59F1B}.Debug|x86.ActiveCfg = Debug|Win32
		{0570DA65-2A38-4C0D-939C-C19203E59F1B}.Debug|x86.Build.0 = Debug|Win32
		{0570DA65-2A38-4C0D-939C-C19203E59F1B}.Release|x64.ActiveCfg = Release|x64
		{0570DA65-2A38-4C0D-939C-C19203E59F1B}.Release|x64.Build.0 = Release|x64
		{0570DA65-2A38-4C0D-939C-C19203E59F1B}.Release|x86.ActiveCfg = Release|Win32
		{0570DA65-2A38-4C0D-939C-C19203E59F1B}.Release|x86.Build.0 = Release|Win32
	EndGlobalSection
	GlobalSection(SolutionProperties) = preSolution
		HideSolutionNode = FALSE
	EndGlobalSection
	GlobalSection(ExtensibilityGlobals) = postSolution
		SolutionGuid = {84592DCE-AA98-47C1-8A9A-157169629128}
	EndGlobalSection
EndGlobal
