
Microsoft Visual Studio Solution File, Format Version 12.00
# Visual Studio 15
VisualStudioVersion = 15.0.27004.2010
MinimumVisualStudioVersion = 10.0.40219.1
Project("{8BC9CEB8-8B4A-11D0-8D11-00A0C91BC942}") = "数列移动练习", "数列移动练习\数列移动练习.vcxproj", "{C97D93B1-22BF-4EF9-8912-B4D2B63C7C57}"
EndProject
Global
	GlobalSection(SolutionConfigurationPlatforms) = preSolution
		Debug|x64 = Debug|x64
		Debug|x86 = Debug|x86
		Release|x64 = Release|x64
		Release|x86 = Release|x86
	EndGlobalSection
	GlobalSection(ProjectConfigurationPlatforms) = postSolution
		{C97D93B1-22BF-4EF9-8912-B4D2B63C7C57}.Debug|x64.ActiveCfg = Debug|x64
		{C97D93B1-22BF-4EF9-8912-B4D2B63C7C57}.Debug|x64.Build.0 = Debug|x64
		{C97D93B1-22BF-4EF9-8912-B4D2B63C7C57}.Debug|x86.ActiveCfg = Debug|Win32
		{C97D93B1-22BF-4EF9-8912-B4D2B63C7C57}.Debug|x86.Build.0 = Debug|Win32
		{C97D93B1-22BF-4EF9-8912-B4D2B63C7C57}.Release|x64.ActiveCfg = Release|x64
		{C97D93B1-22BF-4EF9-8912-B4D2B63C7C57}.Release|x64.Build.0 = Release|x64
		{C97D93B1-22BF-4EF9-8912-B4D2B63C7C57}.Release|x86.ActiveCfg = Release|Win32
		{C97D93B1-22BF-4EF9-8912-B4D2B63C7C57}.Release|x86.Build.0 = Release|Win32
	EndGlobalSection
	GlobalSection(SolutionProperties) = preSolution
		HideSolutionNode = FALSE
	EndGlobalSection
	GlobalSection(ExtensibilityGlobals) = postSolution
		SolutionGuid = {A3E90755-BD7A-4F79-852A-FC8BD3B10DE0}
	EndGlobalSection
EndGlobal
