
Microsoft Visual Studio Solution File, Format Version 12.00
# Visual Studio 15
VisualStudioVersion = 15.0.27004.2010
MinimumVisualStudioVersion = 10.0.40219.1
Project("{8BC9CEB8-8B4A-11D0-8D11-00A0C91BC942}") = "村村通高速，家家都上网", "村村通高速，家家都上网\村村通高速，家家都上网.vcxproj", "{D5A82DF8-3F5F-41F4-BA0E-CD1F10159470}"
EndProject
Global
	GlobalSection(SolutionConfigurationPlatforms) = preSolution
		Debug|x64 = Debug|x64
		Debug|x86 = Debug|x86
		Release|x64 = Release|x64
		Release|x86 = Release|x86
	EndGlobalSection
	GlobalSection(ProjectConfigurationPlatforms) = postSolution
		{D5A82DF8-3F5F-41F4-BA0E-CD1F10159470}.Debug|x64.ActiveCfg = Debug|x64
		{D5A82DF8-3F5F-41F4-BA0E-CD1F10159470}.Debug|x64.Build.0 = Debug|x64
		{D5A82DF8-3F5F-41F4-BA0E-CD1F10159470}.Debug|x86.ActiveCfg = Debug|Win32
		{D5A82DF8-3F5F-41F4-BA0E-CD1F10159470}.Debug|x86.Build.0 = Debug|Win32
		{D5A82DF8-3F5F-41F4-BA0E-CD1F10159470}.Release|x64.ActiveCfg = Release|x64
		{D5A82DF8-3F5F-41F4-BA0E-CD1F10159470}.Release|x64.Build.0 = Release|x64
		{D5A82DF8-3F5F-41F4-BA0E-CD1F10159470}.Release|x86.ActiveCfg = Release|Win32
		{D5A82DF8-3F5F-41F4-BA0E-CD1F10159470}.Release|x86.Build.0 = Release|Win32
	EndGlobalSection
	GlobalSection(SolutionProperties) = preSolution
		HideSolutionNode = FALSE
	EndGlobalSection
	GlobalSection(ExtensibilityGlobals) = postSolution
		SolutionGuid = {26B0CCFB-62C1-4380-B614-0D8F5E3209F0}
	EndGlobalSection
EndGlobal
